
Microsoft Visual Studio Solution File, Format Version 12.00
# Visual Studio 15
VisualStudioVersion = 15.0.28307.329
MinimumVisualStudioVersion = 10.0.40219.1
Project("{FAE04EC0-301F-11D3-BF4B-00C04F79EFBC}") = "TeoriGjuheProjekt", "TeoriGjuheProjekt\TeoriGjuheProjekt.csproj", "{BFF5DF49-5B30-4193-AC46-FCC9EA4D188F}"
EndProject
Global
	GlobalSection(SolutionConfigurationPlatforms) = preSolution
		Debug|Any CPU = Debug|Any CPU
		Release|Any CPU = Release|Any CPU
	EndGlobalSection
	GlobalSection(ProjectConfigurationPlatforms) = postSolution
		{BFF5DF49-5B30-4193-AC46-FCC9EA4D188F}.Debug|Any CPU.ActiveCfg = Debug|Any CPU
		{BFF5DF49-5B30-4193-AC46-FCC9EA4D188F}.Debug|Any CPU.Build.0 = Debug|Any CPU
		{BFF5DF49-5B30-4193-AC46-FCC9EA4D188F}.Release|Any CPU.ActiveCfg = Release|Any CPU
		{BFF5DF49-5B30-4193-AC46-FCC9EA4D188F}.Release|Any CPU.Build.0 = Release|Any CPU
	EndGlobalSection
	GlobalSection(SolutionProperties) = preSolution
		HideSolutionNode = FALSE
	EndGlobalSection
	GlobalSection(ExtensibilityGlobals) = postSolution
		SolutionGuid = {28B7A0B6-CB7F-4D87-84A2-D43C952200CF}
	EndGlobalSection
EndGlobal
